{
  "name": "aoc",
  "version": "1.0.0",
  "lockfileVersion": 2,
  "requires": true,
  "packages": {
    "": {
      "name": "aoc",
      "version": "1.0.0",
      "license": "ISC",
      "dependencies": {
        "@types/n-readlines": "^1.0.3",
        "n-readlines": "^1.0.1",
        "tsc": "^2.0.4"
      },
      "devDependencies": {
        "typescript": "^4.6.3"
      }
    },
    "node_modules/@types/n-readlines": {
      "version": "1.0.3",
      "resolved": "https://registry.npmjs.org/@types/n-readlines/-/n-readlines-1.0.3.tgz",
      "integrity": "sha512-6zMvlOZp56sEEndnkEX+A05Q+LrPB7yDUX1d5oE0aOF9rIE10ndhZHEy0mBFqzBUIw5sSFMUypwgD3FehplPvg==",
      "dependencies": {
        "@types/node": "*"
      }
    },
    "node_modules/@types/node": {
      "version": "17.0.23",
      "resolved": "https://registry.npmjs.org/@types/node/-/node-17.0.23.tgz",
      "integrity": "sha512-UxDxWn7dl97rKVeVS61vErvw086aCYhDLyvRQZ5Rk65rZKepaFdm53GeqXaKBuOhED4e9uWq34IC3TdSdJJ2Gw=="
    },
    "node_modules/n-readlines": {
      "version": "1.0.1",
      "resolved": "https://registry.npmjs.org/n-readlines/-/n-readlines-1.0.1.tgz",
      "integrity": "sha512-z4SyAIVgMy7CkgsoNw7YVz40v0g4+WWvvqy8+ZdHrCtgevcEO758WQyrYcw3XPxcLxF+//RszTz/rO48nzD0wQ==",
      "engines": {
        "node": ">=6.x.x"
      }
    },
    "node_modules/tsc": {
      "version": "2.0.4",
      "resolved": "https://registry.npmjs.org/tsc/-/tsc-2.0.4.tgz",
      "integrity": "sha512-fzoSieZI5KKJVBYGvwbVZs/J5za84f2lSTLPYf6AGiIf43tZ3GNrI1QzTLcjtyDDP4aLxd46RTZq1nQxe7+k5Q==",
      "bin": {
        "tsc": "bin/tsc"
      }
    },
    "node_modules/typescript": {
      "version": "4.6.3",
      "resolved": "https://registry.npmjs.org/typescript/-/typescript-4.6.3.tgz",
      "integrity": "sha512-yNIatDa5iaofVozS/uQJEl3JRWLKKGJKh6Yaiv0GLGSuhpFJe7P3SbHZ8/yjAHRQwKRoA6YZqlfjXWmVzoVSMw==",
      "dev": true,
      "bin": {
        "tsc": "bin/tsc",
        "tsserver": "bin/tsserver"
      },
      "engines": {
        "node": ">=4.2.0"
      }
    }
  },
  "dependencies": {
    "@types/n-readlines": {
      "version": "1.0.3",
      "resolved": "https://registry.npmjs.org/@types/n-readlines/-/n-readlines-1.0.3.tgz",
      "integrity": "sha512-6zMvlOZp56sEEndnkEX+A05Q+LrPB7yDUX1d5oE0aOF9rIE10ndhZHEy0mBFqzBUIw5sSFMUypwgD3FehplPvg==",
      "requires": {
        "@types/node": "*"
      }
    },
    "@types/node": {
      "version": "17.0.23",
      "resolved": "https://registry.npmjs.org/@types/node/-/node-17.0.23.tgz",
      "integrity": "sha512-UxDxWn7dl97rKVeVS61vErvw086aCYhDLyvRQZ5Rk65rZKepaFdm53GeqXaKBuOhED4e9uWq34IC3TdSdJJ2Gw=="
    },
    "n-readlines": {
      "version": "1.0.1",
      "resolved": "https://registry.npmjs.org/n-readlines/-/n-readlines-1.0.1.tgz",
      "integrity": "sha512-z4SyAIVgMy7CkgsoNw7YVz40v0g4+WWvvqy8+ZdHrCtgevcEO758WQyrYcw3XPxcLxF+//RszTz/rO48nzD0wQ=="
    },
    "tsc": {
      "version": "2.0.4",
      "resolved": "https://registry.npmjs.org/tsc/-/tsc-2.0.4.tgz",
      "integrity": "sha512-fzoSieZI5KKJVBYGvwbVZs/J5za84f2lSTLPYf6AGiIf43tZ3GNrI1QzTLcjtyDDP4aLxd46RTZq1nQxe7+k5Q=="
    },
    "typescript": {
      "version": "4.6.3",
      "resolved": "https://registry.npmjs.org/typescript/-/typescript-4.6.3.tgz",
      "integrity": "sha512-yNIatDa5iaofVozS/uQJEl3JRWLKKGJKh6Yaiv0GLGSuhpFJe7P3SbHZ8/yjAHRQwKRoA6YZqlfjXWmVzoVSMw==",
      "dev": true
    }
  }
}
